// !$*UTF8*$!
{
	archiveVersion = 1;
	classes = {
	};
	objectVersion = 56;
	objects = {

/* Begin PBXBuildFile section */
		016D8BBC2C6B5F41008997E1 /* SettingsTableViewController.swift in Sources */ = {isa = PBXBuildFile; fileRef = 016D8BBB2C6B5F41008997E1 /* SettingsTableViewController.swift */; };
		01752D502C75C9F4006BD3F1 /* ProfileTableViewController.swift in Sources */ = {isa = PBXBuildFile; fileRef = 01752D4F2C75C9F4006BD3F1 /* ProfileTableViewController.swift */; };
		01752D522C75D168006BD3F1 /* RecentChat.swift in Sources */ = {isa = PBXBuildFile; fileRef = 01752D512C75D168006BD3F1 /* RecentChat.swift */; };
		018BEC9F2C68D24D00057577 /* AppDelegate.swift in Sources */ = {isa = PBXBuildFile; fileRef = 018BEC9E2C68D24D00057577 /* AppDelegate.swift */; };
		018BECA12C68D24D00057577 /* SceneDelegate.swift in Sources */ = {isa = PBXBuildFile; fileRef = 018BECA02C68D24D00057577 /* SceneDelegate.swift */; };
		018BECA32C68D24D00057577 /* ViewController.swift in Sources */ = {isa = PBXBuildFile; fileRef = 018BECA22C68D24D00057577 /* ViewController.swift */; };
		018BECA62C68D24D00057577 /* Base in Resources */ = {isa = PBXBuildFile; fileRef = 018BECA52C68D24D00057577 /* Base */; };
		018BECA82C68D24F00057577 /* Assets.xcassets in Resources */ = {isa = PBXBuildFile; fileRef = 018BECA72C68D24F00057577 /* Assets.xcassets */; };
		018BECAB2C68D24F00057577 /* Base in Resources */ = {isa = PBXBuildFile; fileRef = 018BECAA2C68D24F00057577 /* Base */; };
		018BECB32C69E7DB00057577 /* LoginViewController.swift in Sources */ = {isa = PBXBuildFile; fileRef = 018BECB22C69E7DB00057577 /* LoginViewController.swift */; };
		018BECB52C69F38500057577 /* User.swift in Sources */ = {isa = PBXBuildFile; fileRef = 018BECB42C69F38500057577 /* User.swift */; };
		018BECB82C69F5E500057577 /* GoogleService-Info.plist in Resources */ = {isa = PBXBuildFile; fileRef = 018BECB72C69F5E500057577 /* GoogleService-Info.plist */; };
		018BECBA2C69F9DD00057577 /* Constants.swift in Sources */ = {isa = PBXBuildFile; fileRef = 018BECB92C69F9DD00057577 /* Constants.swift */; };
		018BECBC2C69FCEA00057577 /* FCollectionReference.swift in Sources */ = {isa = PBXBuildFile; fileRef = 018BECBB2C69FCEA00057577 /* FCollectionReference.swift */; };
		018BECBE2C69FDFA00057577 /* FirebaseUserListener.swift in Sources */ = {isa = PBXBuildFile; fileRef = 018BECBD2C69FDFA00057577 /* FirebaseUserListener.swift */; };
		01B84D012C6B70BD00EF28CC /* EditTableViewController.swift in Sources */ = {isa = PBXBuildFile; fileRef = 01B84D002C6B70BD00EF28CC /* EditTableViewController.swift */; };
		01B84D042C71C20100EF28CC /* FirebaseStorageHelper.swift in Sources */ = {isa = PBXBuildFile; fileRef = 01B84D032C71C20100EF28CC /* FirebaseStorageHelper.swift */; };
		01B84D072C71C96600EF28CC /* Util.swift in Sources */ = {isa = PBXBuildFile; fileRef = 01B84D062C71C96600EF28CC /* Util.swift */; };
		01B84D0A2C71E02900EF28CC /* ContactsTableViewCell.swift in Sources */ = {isa = PBXBuildFile; fileRef = 01B84D092C71E02900EF28CC /* ContactsTableViewCell.swift */; };
		01B84D0C2C71E0D100EF28CC /* ContactsTableViewController.swift in Sources */ = {isa = PBXBuildFile; fileRef = 01B84D0B2C71E0D100EF28CC /* ContactsTableViewController.swift */; };
		5F0E8FBC6A98182EE823D688 /* Pods_WhatsAppClone.framework in Frameworks */ = {isa = PBXBuildFile; fileRef = A24E12DA6105C1AAF41E2DEF /* Pods_WhatsAppClone.framework */; };
/* End PBXBuildFile section */

/* Begin PBXFileReference section */
		016D8BBB2C6B5F41008997E1 /* SettingsTableViewController.swift */ = {isa = PBXFileReference; lastKnownFileType = sourcecode.swift; path = SettingsTableViewController.swift; sourceTree = "<group>"; };
		01752D4F2C75C9F4006BD3F1 /* ProfileTableViewController.swift */ = {isa = PBXFileReference; lastKnownFileType = sourcecode.swift; path = ProfileTableViewController.swift; sourceTree = "<group>"; };
		01752D512C75D168006BD3F1 /* RecentChat.swift */ = {isa = PBXFileReference; lastKnownFileType = sourcecode.swift; path = RecentChat.swift; sourceTree = "<group>"; };
		018BEC9B2C68D24D00057577 /* WhatsAppClone.app */ = {isa = PBXFileReference; explicitFileType = wrapper.application; includeInIndex = 0; path = WhatsAppClone.app; sourceTree = BUILT_PRODUCTS_DIR; };
		018BEC9E2C68D24D00057577 /* AppDelegate.swift */ = {isa = PBXFileReference; lastKnownFileType = sourcecode.swift; path = AppDelegate.swift; sourceTree = "<group>"; };
		018BECA02C68D24D00057577 /* SceneDelegate.swift */ = {isa = PBXFileReference; lastKnownFileType = sourcecode.swift; path = SceneDelegate.swift; sourceTree = "<group>"; };
		018BECA22C68D24D00057577 /* ViewController.swift */ = {isa = PBXFileReference; lastKnownFileType = sourcecode.swift; path = ViewController.swift; sourceTree = "<group>"; };
		018BECA52C68D24D00057577 /* Base */ = {isa = PBXFileReference; lastKnownFileType = file.storyboard; name = Base; path = Base.lproj/Main.storyboard; sourceTree = "<group>"; };
		018BECA72C68D24F00057577 /* Assets.xcassets */ = {isa = PBXFileReference; lastKnownFileType = folder.assetcatalog; path = Assets.xcassets; sourceTree = "<group>"; };
		018BECAA2C68D24F00057577 /* Base */ = {isa = PBXFileReference; lastKnownFileType = file.storyboard; name = Base; path = Base.lproj/LaunchScreen.storyboard; sourceTree = "<group>"; };
		018BECAC2C68D24F00057577 /* Info.plist */ = {isa = PBXFileReference; lastKnownFileType = text.plist.xml; path = Info.plist; sourceTree = "<group>"; };
		018BECB22C69E7DB00057577 /* LoginViewController.swift */ = {isa = PBXFileReference; lastKnownFileType = sourcecode.swift; path = LoginViewController.swift; sourceTree = "<group>"; };
		018BECB42C69F38500057577 /* User.swift */ = {isa = PBXFileReference; lastKnownFileType = sourcecode.swift; path = User.swift; sourceTree = "<group>"; };
		018BECB72C69F5E500057577 /* GoogleService-Info.plist */ = {isa = PBXFileReference; fileEncoding = 4; lastKnownFileType = text.plist.xml; path = "GoogleService-Info.plist"; sourceTree = "<group>"; };
		018BECB92C69F9DD00057577 /* Constants.swift */ = {isa = PBXFileReference; lastKnownFileType = sourcecode.swift; path = Constants.swift; sourceTree = "<group>"; };
		018BECBB2C69FCEA00057577 /* FCollectionReference.swift */ = {isa = PBXFileReference; lastKnownFileType = sourcecode.swift; path = FCollectionReference.swift; sourceTree = "<group>"; };
		018BECBD2C69FDFA00057577 /* FirebaseUserListener.swift */ = {isa = PBXFileReference; lastKnownFileType = sourcecode.swift; path = FirebaseUserListener.swift; sourceTree = "<group>"; };
		01B84D002C6B70BD00EF28CC /* EditTableViewController.swift */ = {isa = PBXFileReference; lastKnownFileType = sourcecode.swift; path = EditTableViewController.swift; sourceTree = "<group>"; };
		01B84D032C71C20100EF28CC /* FirebaseStorageHelper.swift */ = {isa = PBXFileReference; lastKnownFileType = sourcecode.swift; path = FirebaseStorageHelper.swift; sourceTree = "<group>"; };
		01B84D062C71C96600EF28CC /* Util.swift */ = {isa = PBXFileReference; lastKnownFileType = sourcecode.swift; path = Util.swift; sourceTree = "<group>"; };
		01B84D092C71E02900EF28CC /* ContactsTableViewCell.swift */ = {isa = PBXFileReference; lastKnownFileType = sourcecode.swift; path = ContactsTableViewCell.swift; sourceTree = "<group>"; };
		01B84D0B2C71E0D100EF28CC /* ContactsTableViewController.swift */ = {isa = PBXFileReference; lastKnownFileType = sourcecode.swift; path = ContactsTableViewController.swift; sourceTree = "<group>"; };
		8EEBC67B2FE0E0A18B5689BA /* Pods-WhatsAppClone.release.xcconfig */ = {isa = PBXFileReference; includeInIndex = 1; lastKnownFileType = text.xcconfig; name = "Pods-WhatsAppClone.release.xcconfig"; path = "Target Support Files/Pods-WhatsAppClone/Pods-WhatsAppClone.release.xcconfig"; sourceTree = "<group>"; };
		A24E12DA6105C1AAF41E2DEF /* Pods_WhatsAppClone.framework */ = {isa = PBXFileReference; explicitFileType = wrapper.framework; includeInIndex = 0; path = Pods_WhatsAppClone.framework; sourceTree = BUILT_PRODUCTS_DIR; };
		FA7A9E14A38641AF18C93661 /* Pods-WhatsAppClone.debug.xcconfig */ = {isa = PBXFileReference; includeInIndex = 1; lastKnownFileType = text.xcconfig; name = "Pods-WhatsAppClone.debug.xcconfig"; path = "Target Support Files/Pods-WhatsAppClone/Pods-WhatsAppClone.debug.xcconfig"; sourceTree = "<group>"; };
/* End PBXFileReference section */

/* Begin PBXFrameworksBuildPhase section */
		018BEC982C68D24D00057577 /* Frameworks */ = {
			isa = PBXFrameworksBuildPhase;
			buildActionMask = 2147483647;
			files = (
				5F0E8FBC6A98182EE823D688 /* Pods_WhatsAppClone.framework in Frameworks */,
			);
			runOnlyForDeploymentPostprocessing = 0;
		};
/* End PBXFrameworksBuildPhase section */

/* Begin PBXGroup section */
		018BEC922C68D24D00057577 = {
			isa = PBXGroup;
			children = (
				018BEC9D2C68D24D00057577 /* WhatsAppClone */,
				018BEC9C2C68D24D00057577 /* Products */,
				C1B2E71BD4F4AA58FF326CCB /* Pods */,
				A39EFBDCABB1652CD85340EE /* Frameworks */,
			);
			sourceTree = "<group>";
		};
		018BEC9C2C68D24D00057577 /* Products */ = {
			isa = PBXGroup;
			children = (
				018BEC9B2C68D24D00057577 /* WhatsAppClone.app */,
			);
			name = Products;
			sourceTree = "<group>";
		};
		018BEC9D2C68D24D00057577 /* WhatsAppClone */ = {
			isa = PBXGroup;
			children = (
				01B84D052C71C95500EF28CC /* Helper */,
				01B84D022C71C18000EF28CC /* FirebaseHelper */,
				01B84CFE2C6B6FD700EF28CC /* View */,
				018BECB72C69F5E500057577 /* GoogleService-Info.plist */,
				018BECB62C69F4F000057577 /* Model */,
				018BEC9E2C68D24D00057577 /* AppDelegate.swift */,
				018BECA02C68D24D00057577 /* SceneDelegate.swift */,
				018BECA42C68D24D00057577 /* Main.storyboard */,
				018BECA72C68D24F00057577 /* Assets.xcassets */,
				018BECA92C68D24F00057577 /* LaunchScreen.storyboard */,
				018BECAC2C68D24F00057577 /* Info.plist */,
				018BECB92C69F9DD00057577 /* Constants.swift */,
			);
			path = WhatsAppClone;
			sourceTree = "<group>";
		};
		018BECB62C69F4F000057577 /* Model */ = {
			isa = PBXGroup;
			children = (
				018BECB42C69F38500057577 /* User.swift */,
				01752D512C75D168006BD3F1 /* RecentChat.swift */,
			);
			path = Model;
			sourceTree = "<group>";
		};
		01B84CFE2C6B6FD700EF28CC /* View */ = {
			isa = PBXGroup;
			children = (
				01B84D082C71DFF900EF28CC /* ContactsView */,
				01B84CFF2C6B703D00EF28CC /* SettingsView */,
				018BECA22C68D24D00057577 /* ViewController.swift */,
				018BECB22C69E7DB00057577 /* LoginViewController.swift */,
				01752D4F2C75C9F4006BD3F1 /* ProfileTableViewController.swift */,
			);
			path = View;
			sourceTree = "<group>";
		};
		01B84CFF2C6B703D00EF28CC /* SettingsView */ = {
			isa = PBXGroup;
			children = (
				016D8BBB2C6B5F41008997E1 /* SettingsTableViewController.swift */,
				01B84D002C6B70BD00EF28CC /* EditTableViewController.swift */,
			);
			path = SettingsView;
			sourceTree = "<group>";
		};
		01B84D022C71C18000EF28CC /* FirebaseHelper */ = {
			isa = PBXGroup;
			children = (
				018BECBB2C69FCEA00057577 /* FCollectionReference.swift */,
				018BECBD2C69FDFA00057577 /* FirebaseUserListener.swift */,
				01B84D032C71C20100EF28CC /* FirebaseStorageHelper.swift */,
			);
			path = FirebaseHelper;
			sourceTree = "<group>";
		};
		01B84D052C71C95500EF28CC /* Helper */ = {
			isa = PBXGroup;
			children = (
				01B84D062C71C96600EF28CC /* Util.swift */,
			);
			path = Helper;
			sourceTree = "<group>";
		};
		01B84D082C71DFF900EF28CC /* ContactsView */ = {
			isa = PBXGroup;
			children = (
				01B84D092C71E02900EF28CC /* ContactsTableViewCell.swift */,
				01B84D0B2C71E0D100EF28CC /* ContactsTableViewController.swift */,
			);
			path = ContactsView;
			sourceTree = "<group>";
		};
		A39EFBDCABB1652CD85340EE /* Frameworks */ = {
			isa = PBXGroup;
			children = (
				A24E12DA6105C1AAF41E2DEF /* Pods_WhatsAppClone.framework */,
			);
			name = Frameworks;
			sourceTree = "<group>";
		};
		C1B2E71BD4F4AA58FF326CCB /* Pods */ = {
			isa = PBXGroup;
			children = (
				FA7A9E14A38641AF18C93661 /* Pods-WhatsAppClone.debug.xcconfig */,
				8EEBC67B2FE0E0A18B5689BA /* Pods-WhatsAppClone.release.xcconfig */,
			);
			path = Pods;
			sourceTree = "<group>";
		};
/* End PBXGroup section */

/* Begin PBXNativeTarget section */
		018BEC9A2C68D24D00057577 /* WhatsAppClone */ = {
			isa = PBXNativeTarget;
			buildConfigurationList = 018BECAF2C68D24F00057577 /* Build configuration list for PBXNativeTarget "WhatsAppClone" */;
			buildPhases = (
				2E1E32134BCD29DF6A66AC66 /* [CP] Check Pods Manifest.lock */,
				018BEC972C68D24D00057577 /* Sources */,
				018BEC982C68D24D00057577 /* Frameworks */,
				018BEC992C68D24D00057577 /* Resources */,
				F6312DA9515E858292BD5A86 /* [CP] Embed Pods Frameworks */,
			);
			buildRules = (
			);
			dependencies = (
			);
			name = WhatsAppClone;
			productName = WhatsAppClone;
			productReference = 018BEC9B2C68D24D00057577 /* WhatsAppClone.app */;
			productType = "com.apple.product-type.application";
		};
/* End PBXNativeTarget section */

/* Begin PBXProject section */
		018BEC932C68D24D00057577 /* Project object */ = {
			isa = PBXProject;
			attributes = {
				BuildIndependentTargetsInParallel = 1;
				LastSwiftUpdateCheck = 1540;
				LastUpgradeCheck = 1540;
				TargetAttributes = {
					018BEC9A2C68D24D00057577 = {
						CreatedOnToolsVersion = 15.4;
					};
				};
			};
			buildConfigurationList = 018BEC962C68D24D00057577 /* Build configuration list for PBXProject "WhatsAppClone" */;
			compatibilityVersion = "Xcode 14.0";
			developmentRegion = en;
			hasScannedForEncodings = 0;
			knownRegions = (
				en,
				Base,
			);
			mainGroup = 018BEC922C68D24D00057577;
			productRefGroup = 018BEC9C2C68D24D00057577 /* Products */;
			projectDirPath = "";
			projectRoot = "";
			targets = (
				018BEC9A2C68D24D00057577 /* WhatsAppClone */,
			);
		};
/* End PBXProject section */

/* Begin PBXResourcesBuildPhase section */
		018BEC992C68D24D00057577 /* Resources */ = {
			isa = PBXResourcesBuildPhase;
			buildActionMask = 2147483647;
			files = (
				018BECA82C68D24F00057577 /* Assets.xcassets in Resources */,
				018BECB82C69F5E500057577 /* GoogleService-Info.plist in Resources */,
				018BECAB2C68D24F00057577 /* Base in Resources */,
				018BECA62C68D24D00057577 /* Base in Resources */,
			);
			runOnlyForDeploymentPostprocessing = 0;
		};
/* End PBXResourcesBuildPhase section */

/* Begin PBXShellScriptBuildPhase section */
		2E1E32134BCD29DF6A66AC66 /* [CP] Check Pods Manifest.lock */ = {
			isa = PBXShellScriptBuildPhase;
			buildActionMask = 2147483647;
			files = (
			);
			inputFileListPaths = (
			);
			inputPaths = (
				"${PODS_PODFILE_DIR_PATH}/Podfile.lock",
				"${PODS_ROOT}/Manifest.lock",
			);
			name = "[CP] Check Pods Manifest.lock";
			outputFileListPaths = (
			);
			outputPaths = (
				"$(DERIVED_FILE_DIR)/Pods-WhatsAppClone-checkManifestLockResult.txt",
			);
			runOnlyForDeploymentPostprocessing = 0;
			shellPath = /bin/sh;
			shellScript = "diff \"${PODS_PODFILE_DIR_PATH}/Podfile.lock\" \"${PODS_ROOT}/Manifest.lock\" > /dev/null\nif [ $? != 0 ] ; then\n    # print error to STDERR\n    echo \"error: The sandbox is not in sync with the Podfile.lock. Run 'pod install' or update your CocoaPods installation.\" >&2\n    exit 1\nfi\n# This output is used by Xcode 'outputs' to avoid re-running this script phase.\necho \"SUCCESS\" > \"${SCRIPT_OUTPUT_FILE_0}\"\n";
			showEnvVarsInLog = 0;
		};
		F6312DA9515E858292BD5A86 /* [CP] Embed Pods Frameworks */ = {
			isa = PBXShellScriptBuildPhase;
			buildActionMask = 2147483647;
			files = (
			);
			inputFileListPaths = (
				"${PODS_ROOT}/Target Support Files/Pods-WhatsAppClone/Pods-WhatsAppClone-frameworks-${CONFIGURATION}-input-files.xcfilelist",
			);
			name = "[CP] Embed Pods Frameworks";
			outputFileListPaths = (
				"${PODS_ROOT}/Target Support Files/Pods-WhatsAppClone/Pods-WhatsAppClone-frameworks-${CONFIGURATION}-output-files.xcfilelist",
			);
			runOnlyForDeploymentPostprocessing = 0;
			shellPath = /bin/sh;
			shellScript = "\"${PODS_ROOT}/Target Support Files/Pods-WhatsAppClone/Pods-WhatsAppClone-frameworks.sh\"\n";
			showEnvVarsInLog = 0;
		};
/* End PBXShellScriptBuildPhase section */

/* Begin PBXSourcesBuildPhase section */
		018BEC972C68D24D00057577 /* Sources */ = {
			isa = PBXSourcesBuildPhase;
			buildActionMask = 2147483647;
			files = (
				018BECB32C69E7DB00057577 /* LoginViewController.swift in Sources */,
				018BECA32C68D24D00057577 /* ViewController.swift in Sources */,
				018BEC9F2C68D24D00057577 /* AppDelegate.swift in Sources */,
				01B84D012C6B70BD00EF28CC /* EditTableViewController.swift in Sources */,
				01B84D0A2C71E02900EF28CC /* ContactsTableViewCell.swift in Sources */,
				018BECBE2C69FDFA00057577 /* FirebaseUserListener.swift in Sources */,
				01752D502C75C9F4006BD3F1 /* ProfileTableViewController.swift in Sources */,
				01B84D0C2C71E0D100EF28CC /* ContactsTableViewController.swift in Sources */,
				018BECB52C69F38500057577 /* User.swift in Sources */,
				018BECA12C68D24D00057577 /* SceneDelegate.swift in Sources */,
				01B84D072C71C96600EF28CC /* Util.swift in Sources */,
				01B84D042C71C20100EF28CC /* FirebaseStorageHelper.swift in Sources */,
				01752D522C75D168006BD3F1 /* RecentChat.swift in Sources */,
				018BECBC2C69FCEA00057577 /* FCollectionReference.swift in Sources */,
				018BECBA2C69F9DD00057577 /* Constants.swift in Sources */,
				016D8BBC2C6B5F41008997E1 /* SettingsTableViewController.swift in Sources */,
			);
			runOnlyForDeploymentPostprocessing = 0;
		};
/* End PBXSourcesBuildPhase section */

/* Begin PBXVariantGroup section */
		018BECA42C68D24D00057577 /* Main.storyboard */ = {
			isa = PBXVariantGroup;
			children = (
				018BECA52C68D24D00057577 /* Base */,
			);
			name = Main.storyboard;
			sourceTree = "<group>";
		};
		018BECA92C68D24F00057577 /* LaunchScreen.storyboard */ = {
			isa = PBXVariantGroup;
			children = (
				018BECAA2C68D24F00057577 /* Base */,
			);
			name = LaunchScreen.storyboard;
			sourceTree = "<group>";
		};
/* End PBXVariantGroup section */

/* Begin XCBuildConfiguration section */
		018BECAD2C68D24F00057577 /* Debug */ = {
			isa = XCBuildConfiguration;
			buildSettings = {
				ALWAYS_SEARCH_USER_PATHS = NO;
				ASSETCATALOG_COMPILER_GENERATE_SWIFT_ASSET_SYMBOL_EXTENSIONS = YES;
				CLANG_ANALYZER_NONNULL = YES;
				CLANG_ANALYZER_NUMBER_OBJECT_CONVERSION = YES_AGGRESSIVE;
				CLANG_CXX_LANGUAGE_STANDARD = "gnu++20";
				CLANG_ENABLE_MODULES = YES;
				CLANG_ENABLE_OBJC_ARC = YES;
				CLANG_ENABLE_OBJC_WEAK = YES;
				CLANG_WARN_BLOCK_CAPTURE_AUTORELEASING = YES;
				CLANG_WARN_BOOL_CONVERSION = YES;
				CLANG_WARN_COMMA = YES;
				CLANG_WARN_CONSTANT_CONVERSION = YES;
				CLANG_WARN_DEPRECATED_OBJC_IMPLEMENTATIONS = YES;
				CLANG_WARN_DIRECT_OBJC_ISA_USAGE = YES_ERROR;
				CLANG_WARN_DOCUMENTATION_COMMENTS = YES;
				CLANG_WARN_EMPTY_BODY = YES;
				CLANG_WARN_ENUM_CONVERSION = YES;
				CLANG_WARN_INFINITE_RECURSION = YES;
				CLANG_WARN_INT_CONVERSION = YES;
				CLANG_WARN_NON_LITERAL_NULL_CONVERSION = YES;
				CLANG_WARN_OBJC_IMPLICIT_RETAIN_SELF = YES;
				CLANG_WARN_OBJC_LITERAL_CONVERSION = YES;
				CLANG_WARN_OBJC_ROOT_CLASS = YES_ERROR;
				CLANG_WARN_QUOTED_INCLUDE_IN_FRAMEWORK_HEADER = YES;
				CLANG_WARN_RANGE_LOOP_ANALYSIS = YES;
				CLANG_WARN_STRICT_PROTOTYPES = YES;
				CLANG_WARN_SUSPICIOUS_MOVE = YES;
				CLANG_WARN_UNGUARDED_AVAILABILITY = YES_AGGRESSIVE;
				CLANG_WARN_UNREACHABLE_CODE = YES;
				CLANG_WARN__DUPLICATE_METHOD_MATCH = YES;
				COPY_PHASE_STRIP = NO;
				DEBUG_INFORMATION_FORMAT = dwarf;
				ENABLE_STRICT_OBJC_MSGSEND = YES;
				ENABLE_TESTABILITY = YES;
				ENABLE_USER_SCRIPT_SANDBOXING = NO;
				GCC_C_LANGUAGE_STANDARD = gnu17;
				GCC_DYNAMIC_NO_PIC = NO;
				GCC_NO_COMMON_BLOCKS = YES;
				GCC_OPTIMIZATION_LEVEL = 0;
				GCC_PREPROCESSOR_DEFINITIONS = (
					"DEBUG=1",
					"$(inherited)",
				);
				GCC_WARN_64_TO_32_BIT_CONVERSION = YES;
				GCC_WARN_ABOUT_RETURN_TYPE = YES_ERROR;
				GCC_WARN_UNDECLARED_SELECTOR = YES;
				GCC_WARN_UNINITIALIZED_AUTOS = YES_AGGRESSIVE;
				GCC_WARN_UNUSED_FUNCTION = YES;
				GCC_WARN_UNUSED_VARIABLE = YES;
				IPHONEOS_DEPLOYMENT_TARGET = 17.5;
				LOCALIZATION_PREFERS_STRING_CATALOGS = YES;
				MTL_ENABLE_DEBUG_INFO = INCLUDE_SOURCE;
				MTL_FAST_MATH = YES;
				ONLY_ACTIVE_ARCH = YES;
				SDKROOT = iphoneos;
				SWIFT_ACTIVE_COMPILATION_CONDITIONS = "DEBUG $(inherited)";
				SWIFT_OPTIMIZATION_LEVEL = "-Onone";
			};
			name = Debug;
		};
		018BECAE2C68D24F00057577 /* Release */ = {
			isa = XCBuildConfiguration;
			buildSettings = {
				ALWAYS_SEARCH_USER_PATHS = NO;
				ASSETCATALOG_COMPILER_GENERATE_SWIFT_ASSET_SYMBOL_EXTENSIONS = YES;
				CLANG_ANALYZER_NONNULL = YES;
				CLANG_ANALYZER_NUMBER_OBJECT_CONVERSION = YES_AGGRESSIVE;
				CLANG_CXX_LANGUAGE_STANDARD = "gnu++20";
				CLANG_ENABLE_MODULES = YES;
				CLANG_ENABLE_OBJC_ARC = YES;
				CLANG_ENABLE_OBJC_WEAK = YES;
				CLANG_WARN_BLOCK_CAPTURE_AUTORELEASING = YES;
				CLANG_WARN_BOOL_CONVERSION = YES;
				CLANG_WARN_COMMA = YES;
				CLANG_WARN_CONSTANT_CONVERSION = YES;
				CLANG_WARN_DEPRECATED_OBJC_IMPLEMENTATIONS = YES;
				CLANG_WARN_DIRECT_OBJC_ISA_USAGE = YES_ERROR;
				CLANG_WARN_DOCUMENTATION_COMMENTS = YES;
				CLANG_WARN_EMPTY_BODY = YES;
				CLANG_WARN_ENUM_CONVERSION = YES;
				CLANG_WARN_INFINITE_RECURSION = YES;
				CLANG_WARN_INT_CONVERSION = YES;
				CLANG_WARN_NON_LITERAL_NULL_CONVERSION = YES;
				CLANG_WARN_OBJC_IMPLICIT_RETAIN_SELF = YES;
				CLANG_WARN_OBJC_LITERAL_CONVERSION = YES;
				CLANG_WARN_OBJC_ROOT_CLASS = YES_ERROR;
				CLANG_WARN_QUOTED_INCLUDE_IN_FRAMEWORK_HEADER = YES;
				CLANG_WARN_RANGE_LOOP_ANALYSIS = YES;
				CLANG_WARN_STRICT_PROTOTYPES = YES;
				CLANG_WARN_SUSPICIOUS_MOVE = YES;
				CLANG_WARN_UNGUARDED_AVAILABILITY = YES_AGGRESSIVE;
				CLANG_WARN_UNREACHABLE_CODE = YES;
				CLANG_WARN__DUPLICATE_METHOD_MATCH = YES;
				COPY_PHASE_STRIP = NO;
				DEBUG_INFORMATION_FORMAT = "dwarf-with-dsym";
				ENABLE_NS_ASSERTIONS = NO;
				ENABLE_STRICT_OBJC_MSGSEND = YES;
				ENABLE_USER_SCRIPT_SANDBOXING = NO;
				GCC_C_LANGUAGE_STANDARD = gnu17;
				GCC_NO_COMMON_BLOCKS = YES;
				GCC_WARN_64_TO_32_BIT_CONVERSION = YES;
				GCC_WARN_ABOUT_RETURN_TYPE = YES_ERROR;
				GCC_WARN_UNDECLARED_SELECTOR = YES;
				GCC_WARN_UNINITIALIZED_AUTOS = YES_AGGRESSIVE;
				GCC_WARN_UNUSED_FUNCTION = YES;
				GCC_WARN_UNUSED_VARIABLE = YES;
				IPHONEOS_DEPLOYMENT_TARGET = 17.5;
				LOCALIZATION_PREFERS_STRING_CATALOGS = YES;
				MTL_ENABLE_DEBUG_INFO = NO;
				MTL_FAST_MATH = YES;
				SDKROOT = iphoneos;
				SWIFT_COMPILATION_MODE = wholemodule;
				VALIDATE_PRODUCT = YES;
			};
			name = Release;
		};
		018BECB02C68D24F00057577 /* Debug */ = {
			isa = XCBuildConfiguration;
			baseConfigurationReference = FA7A9E14A38641AF18C93661 /* Pods-WhatsAppClone.debug.xcconfig */;
			buildSettings = {
				ASSETCATALOG_COMPILER_APPICON_NAME = AppIcon;
				ASSETCATALOG_COMPILER_GLOBAL_ACCENT_COLOR_NAME = AccentColor;
				CODE_SIGN_STYLE = Automatic;
				CURRENT_PROJECT_VERSION = 1;
				DEVELOPMENT_TEAM = 3TJ7Q67633;
				GENERATE_INFOPLIST_FILE = YES;
				INFOPLIST_FILE = WhatsAppClone/Info.plist;
				INFOPLIST_KEY_UIApplicationSupportsIndirectInputEvents = YES;
				INFOPLIST_KEY_UILaunchStoryboardName = LaunchScreen;
				INFOPLIST_KEY_UIMainStoryboardFile = Main;
				INFOPLIST_KEY_UISupportedInterfaceOrientations_iPad = "UIInterfaceOrientationPortrait UIInterfaceOrientationPortraitUpsideDown UIInterfaceOrientationLandscapeLeft UIInterfaceOrientationLandscapeRight";
				INFOPLIST_KEY_UISupportedInterfaceOrientations_iPhone = "UIInterfaceOrientationPortrait UIInterfaceOrientationLandscapeLeft UIInterfaceOrientationLandscapeRight";
				LD_RUNPATH_SEARCH_PATHS = (
					"$(inherited)",
					"@executable_path/Frameworks",
				);
				MARKETING_VERSION = 1.0;
				PRODUCT_BUNDLE_IDENTIFIER = ikhsan.WhatsAppClone;
				PRODUCT_NAME = "$(TARGET_NAME)";
				SWIFT_EMIT_LOC_STRINGS = YES;
				SWIFT_VERSION = 5.0;
				TARGETED_DEVICE_FAMILY = "1,2";
			};
			name = Debug;
		};
		018BECB12C68D24F00057577 /* Release */ = {
			isa = XCBuildConfiguration;
			baseConfigurationReference = 8EEBC67B2FE0E0A18B5689BA /* Pods-WhatsAppClone.release.xcconfig */;
			buildSettings = {
				ASSETCATALOG_COMPILER_APPICON_NAME = AppIcon;
				ASSETCATALOG_COMPILER_GLOBAL_ACCENT_COLOR_NAME = AccentColor;
				CODE_SIGN_STYLE = Automatic;
				CURRENT_PROJECT_VERSION = 1;
				DEVELOPMENT_TEAM = 3TJ7Q67633;
				GENERATE_INFOPLIST_FILE = YES;
				INFOPLIST_FILE = WhatsAppClone/Info.plist;
				INFOPLIST_KEY_UIApplicationSupportsIndirectInputEvents = YES;
				INFOPLIST_KEY_UILaunchStoryboardName = LaunchScreen;
				INFOPLIST_KEY_UIMainStoryboardFile = Main;
				INFOPLIST_KEY_UISupportedInterfaceOrientations_iPad = "UIInterfaceOrientationPortrait UIInterfaceOrientationPortraitUpsideDown UIInterfaceOrientationLandscapeLeft UIInterfaceOrientationLandscapeRight";
				INFOPLIST_KEY_UISupportedInterfaceOrientations_iPhone = "UIInterfaceOrientationPortrait UIInterfaceOrientationLandscapeLeft UIInterfaceOrientationLandscapeRight";
				LD_RUNPATH_SEARCH_PATHS = (
					"$(inherited)",
					"@executable_path/Frameworks",
				);
				MARKETING_VERSION = 1.0;
				PRODUCT_BUNDLE_IDENTIFIER = ikhsan.WhatsAppClone;
				PRODUCT_NAME = "$(TARGET_NAME)";
				SWIFT_EMIT_LOC_STRINGS = YES;
				SWIFT_VERSION = 5.0;
				TARGETED_DEVICE_FAMILY = "1,2";
			};
			name = Release;
		};
/* End XCBuildConfiguration section */

/* Begin XCConfigurationList section */
		018BEC962C68D24D00057577 /* Build configuration list for PBXProject "WhatsAppClone" */ = {
			isa = XCConfigurationList;
			buildConfigurations = (
				018BECAD2C68D24F00057577 /* Debug */,
				018BECAE2C68D24F00057577 /* Release */,
			);
			defaultConfigurationIsVisible = 0;
			defaultConfigurationName = Release;
		};
		018BECAF2C68D24F00057577 /* Build configuration list for PBXNativeTarget "WhatsAppClone" */ = {
			isa = XCConfigurationList;
			buildConfigurations = (
				018BECB02C68D24F00057577 /* Debug */,
				018BECB12C68D24F00057577 /* Release */,
			);
			defaultConfigurationIsVisible = 0;
			defaultConfigurationName = Release;
		};
/* End XCConfigurationList section */
	};
	rootObject = 018BEC932C68D24D00057577 /* Project object */;
}
